// !$*UTF8*$!
{
	archiveVersion = 1;
	classes = {
	};
	objectVersion = 55;
	objects = {

/* Begin PBXBuildFile section */
		DF05668328CE634500670911 /* recording.json in Resources */ = {isa = PBXBuildFile; fileRef = DF05668228CE634500670911 /* recording.json */; };
		DF05668528CEBC6A00670911 /* UsersViewController.swift in Sources */ = {isa = PBXBuildFile; fileRef = DF05668428CEBC6A00670911 /* UsersViewController.swift */; };
		DF05668828CEC0AE00670911 /* Friends.storyboard in Resources */ = {isa = PBXBuildFile; fileRef = DF05668728CEC0AE00670911 /* Friends.storyboard */; };
		DF05668A28CECB3500670911 /* UserTableViewCell.swift in Sources */ = {isa = PBXBuildFile; fileRef = DF05668928CECB3500670911 /* UserTableViewCell.swift */; };
		DF0E930A28D9434E003329F9 /* SetUsernameViewController.swift in Sources */ = {isa = PBXBuildFile; fileRef = DF0E930928D9434E003329F9 /* SetUsernameViewController.swift */; };
		DF219F3728CA0A9A0038E47C /* AppDelegate.swift in Sources */ = {isa = PBXBuildFile; fileRef = DF219F3628CA0A9A0038E47C /* AppDelegate.swift */; };
		DF219F3928CA0A9A0038E47C /* SceneDelegate.swift in Sources */ = {isa = PBXBuildFile; fileRef = DF219F3828CA0A9A0038E47C /* SceneDelegate.swift */; };
		DF219F3B28CA0A9A0038E47C /* ViewController.swift in Sources */ = {isa = PBXBuildFile; fileRef = DF219F3A28CA0A9A0038E47C /* ViewController.swift */; };
		DF219F3E28CA0A9A0038E47C /* Main.storyboard in Resources */ = {isa = PBXBuildFile; fileRef = DF219F3C28CA0A9A0038E47C /* Main.storyboard */; };
		DF219F4028CA0A9B0038E47C /* Assets.xcassets in Resources */ = {isa = PBXBuildFile; fileRef = DF219F3F28CA0A9B0038E47C /* Assets.xcassets */; };
		DF219F4328CA0A9B0038E47C /* LaunchScreen.storyboard in Resources */ = {isa = PBXBuildFile; fileRef = DF219F4128CA0A9B0038E47C /* LaunchScreen.storyboard */; };
		DF219F4C28CA0ADB0038E47C /* ServiceFirebase.swift in Sources */ = {isa = PBXBuildFile; fileRef = DF219F4B28CA0ADB0038E47C /* ServiceFirebase.swift */; };
		DF219F5328CA0BC80038E47C /* Feed.storyboard in Resources */ = {isa = PBXBuildFile; fileRef = DF219F5228CA0BC80038E47C /* Feed.storyboard */; };
		DF219F5528CA0BD50038E47C /* FeedViewController.swift in Sources */ = {isa = PBXBuildFile; fileRef = DF219F5428CA0BD50038E47C /* FeedViewController.swift */; };
		DF3B927228CA2E4200162F1E /* PlayerView.swift in Sources */ = {isa = PBXBuildFile; fileRef = DF3B927128CA2E4200162F1E /* PlayerView.swift */; };
		DF3B927428CA353D00162F1E /* VideoCellTableViewCell.swift in Sources */ = {isa = PBXBuildFile; fileRef = DF3B927328CA353D00162F1E /* VideoCellTableViewCell.swift */; };
		DF7B6D0228CA91680082A4B0 /* CaptureVideoFrontal.swift in Sources */ = {isa = PBXBuildFile; fileRef = DF7B6D0128CA91680082A4B0 /* CaptureVideoFrontal.swift */; };
		DF7B6D0428CA93040082A4B0 /* CaptureVideo.storyboard in Resources */ = {isa = PBXBuildFile; fileRef = DF7B6D0328CA93040082A4B0 /* CaptureVideo.storyboard */; };
		DF7B6D0628CA957F0082A4B0 /* ShowVideo.swift in Sources */ = {isa = PBXBuildFile; fileRef = DF7B6D0528CA957F0082A4B0 /* ShowVideo.swift */; };
		DF8E3B3128D65556001AC8AC /* LottiewView.swift in Sources */ = {isa = PBXBuildFile; fileRef = DF8E3B3028D65556001AC8AC /* LottiewView.swift */; };
		DF8E3B3328D6653E001AC8AC /* EmptyCellTableViewCell.swift in Sources */ = {isa = PBXBuildFile; fileRef = DF8E3B3228D6653E001AC8AC /* EmptyCellTableViewCell.swift */; };
		DF8E3B3628D67AAA001AC8AC /* CloudKit.framework in Frameworks */ = {isa = PBXBuildFile; fileRef = DF8E3B3528D67AAA001AC8AC /* CloudKit.framework */; };
		DFA3357F28D7BE2D00A26A1D /* CaptureVideoBack.swift in Sources */ = {isa = PBXBuildFile; fileRef = DFA3357E28D7BE2D00A26A1D /* CaptureVideoBack.swift */; };
		DFB75F6F28D2950B000D5B5F /* ServiceSocial.swift in Sources */ = {isa = PBXBuildFile; fileRef = DFB75F6E28D2950B000D5B5F /* ServiceSocial.swift */; };
		DFB75F7228D29590000D5B5F /* User.swift in Sources */ = {isa = PBXBuildFile; fileRef = DFB75F7128D29590000D5B5F /* User.swift */; };
		DFB75F7428D295A7000D5B5F /* Post.swift in Sources */ = {isa = PBXBuildFile; fileRef = DFB75F7328D295A7000D5B5F /* Post.swift */; };
		DFB75F7628D33D6B000D5B5F /* ServiceUpload.swift in Sources */ = {isa = PBXBuildFile; fileRef = DFB75F7528D33D6B000D5B5F /* ServiceUpload.swift */; };
		DFC98A7A28CA143F0012A289 /* GoogleService-Info.plist in Resources */ = {isa = PBXBuildFile; fileRef = DFC98A7928CA143F0012A289 /* GoogleService-Info.plist */; };
		DFCDCC5628D0B8AA0089DAB8 /* ScanViewController.swift in Sources */ = {isa = PBXBuildFile; fileRef = DFCDCC5528D0B8AA0089DAB8 /* ScanViewController.swift */; };
		DFCDCC5928D0B9AE0089DAB8 /* Scan.storyboard in Resources */ = {isa = PBXBuildFile; fileRef = DFCDCC5828D0B9AE0089DAB8 /* Scan.storyboard */; };
		DFDBE21E28CB60600018B66E /* ShowVideo.storyboard in Resources */ = {isa = PBXBuildFile; fileRef = DFDBE21D28CB60600018B66E /* ShowVideo.storyboard */; };
		DFDD00ED28CCD1CC00830B36 /* RegisterViewController.swift in Sources */ = {isa = PBXBuildFile; fileRef = DFDD00EC28CCD1CC00830B36 /* RegisterViewController.swift */; };
		DFDD00F228CCF36300830B36 /* ProfileViewController.swift in Sources */ = {isa = PBXBuildFile; fileRef = DFDD00F128CCF36300830B36 /* ProfileViewController.swift */; };
		DFDD00F428CCF36E00830B36 /* Profile.storyboard in Resources */ = {isa = PBXBuildFile; fileRef = DFDD00F328CCF36E00830B36 /* Profile.storyboard */; };
		DFDD00F628CD125900830B36 /* ReportViewController.swift in Sources */ = {isa = PBXBuildFile; fileRef = DFDD00F528CD125900830B36 /* ReportViewController.swift */; };
		DFDF7FE228D20B8E007DD713 /* http.swift in Sources */ = {isa = PBXBuildFile; fileRef = DFDF7FE128D20B8E007DD713 /* http.swift */; };
		DFDF7FE428D20C08007DD713 /* DelegateUserRequests.swift in Sources */ = {isa = PBXBuildFile; fileRef = DFDF7FE328D20C08007DD713 /* DelegateUserRequests.swift */; };
		DFF96A3928D1602600156053 /* FriendTableViewCell.swift in Sources */ = {isa = PBXBuildFile; fileRef = DFF96A3828D1602600156053 /* FriendTableViewCell.swift */; };
		DFF96A3B28D1617B00156053 /* RequestTableViewCell.swift in Sources */ = {isa = PBXBuildFile; fileRef = DFF96A3A28D1617B00156053 /* RequestTableViewCell.swift */; };
		F61B25F4571F35D128C80D8E /* Pods_RealsUIKit.framework in Frameworks */ = {isa = PBXBuildFile; fileRef = 555CB75AA666EF3F2E1F218B /* Pods_RealsUIKit.framework */; };
/* End PBXBuildFile section */

/* Begin PBXFileReference section */
		11ECBFC9ED00B60B12D59871 /* Pods-RealsUIKit.debug.xcconfig */ = {isa = PBXFileReference; includeInIndex = 1; lastKnownFileType = text.xcconfig; name = "Pods-RealsUIKit.debug.xcconfig"; path = "Target Support Files/Pods-RealsUIKit/Pods-RealsUIKit.debug.xcconfig"; sourceTree = "<group>"; };
		555CB75AA666EF3F2E1F218B /* Pods_RealsUIKit.framework */ = {isa = PBXFileReference; explicitFileType = wrapper.framework; includeInIndex = 0; path = Pods_RealsUIKit.framework; sourceTree = BUILT_PRODUCTS_DIR; };
		DF05668228CE634500670911 /* recording.json */ = {isa = PBXFileReference; fileEncoding = 4; lastKnownFileType = text.json; path = recording.json; sourceTree = "<group>"; };
		DF05668428CEBC6A00670911 /* UsersViewController.swift */ = {isa = PBXFileReference; lastKnownFileType = sourcecode.swift; path = UsersViewController.swift; sourceTree = "<group>"; };
		DF05668728CEC0AE00670911 /* Friends.storyboard */ = {isa = PBXFileReference; lastKnownFileType = file.storyboard; path = Friends.storyboard; sourceTree = "<group>"; };
		DF05668928CECB3500670911 /* UserTableViewCell.swift */ = {isa = PBXFileReference; lastKnownFileType = sourcecode.swift; path = UserTableViewCell.swift; sourceTree = "<group>"; };
		DF0E930928D9434E003329F9 /* SetUsernameViewController.swift */ = {isa = PBXFileReference; lastKnownFileType = sourcecode.swift; path = SetUsernameViewController.swift; sourceTree = "<group>"; };
		DF219F3328CA0A9A0038E47C /* RealsUIKit.app */ = {isa = PBXFileReference; explicitFileType = wrapper.application; includeInIndex = 0; path = RealsUIKit.app; sourceTree = BUILT_PRODUCTS_DIR; };
		DF219F3628CA0A9A0038E47C /* AppDelegate.swift */ = {isa = PBXFileReference; lastKnownFileType = sourcecode.swift; path = AppDelegate.swift; sourceTree = "<group>"; };
		DF219F3828CA0A9A0038E47C /* SceneDelegate.swift */ = {isa = PBXFileReference; lastKnownFileType = sourcecode.swift; path = SceneDelegate.swift; sourceTree = "<group>"; };
		DF219F3A28CA0A9A0038E47C /* ViewController.swift */ = {isa = PBXFileReference; lastKnownFileType = sourcecode.swift; path = ViewController.swift; sourceTree = "<group>"; };
		DF219F3D28CA0A9A0038E47C /* Base */ = {isa = PBXFileReference; lastKnownFileType = file.storyboard; name = Base; path = Base.lproj/Main.storyboard; sourceTree = "<group>"; };
		DF219F3F28CA0A9B0038E47C /* Assets.xcassets */ = {isa = PBXFileReference; lastKnownFileType = folder.assetcatalog; path = Assets.xcassets; sourceTree = "<group>"; };
		DF219F4228CA0A9B0038E47C /* Base */ = {isa = PBXFileReference; lastKnownFileType = file.storyboard; name = Base; path = Base.lproj/LaunchScreen.storyboard; sourceTree = "<group>"; };
		DF219F4428CA0A9B0038E47C /* Info.plist */ = {isa = PBXFileReference; lastKnownFileType = text.plist.xml; path = Info.plist; sourceTree = "<group>"; };
		DF219F4B28CA0ADB0038E47C /* ServiceFirebase.swift */ = {isa = PBXFileReference; lastKnownFileType = sourcecode.swift; path = ServiceFirebase.swift; sourceTree = "<group>"; };
		DF219F5228CA0BC80038E47C /* Feed.storyboard */ = {isa = PBXFileReference; lastKnownFileType = file.storyboard; path = Feed.storyboard; sourceTree = "<group>"; };
		DF219F5428CA0BD50038E47C /* FeedViewController.swift */ = {isa = PBXFileReference; lastKnownFileType = sourcecode.swift; path = FeedViewController.swift; sourceTree = "<group>"; };
		DF3B927128CA2E4200162F1E /* PlayerView.swift */ = {isa = PBXFileReference; lastKnownFileType = sourcecode.swift; path = PlayerView.swift; sourceTree = "<group>"; };
		DF3B927328CA353D00162F1E /* VideoCellTableViewCell.swift */ = {isa = PBXFileReference; lastKnownFileType = sourcecode.swift; path = VideoCellTableViewCell.swift; sourceTree = "<group>"; };
		DF7B6D0128CA91680082A4B0 /* CaptureVideoFrontal.swift */ = {isa = PBXFileReference; lastKnownFileType = sourcecode.swift; path = CaptureVideoFrontal.swift; sourceTree = "<group>"; };
		DF7B6D0328CA93040082A4B0 /* CaptureVideo.storyboard */ = {isa = PBXFileReference; lastKnownFileType = file.storyboard; path = CaptureVideo.storyboard; sourceTree = "<group>"; };
		DF7B6D0528CA957F0082A4B0 /* ShowVideo.swift */ = {isa = PBXFileReference; lastKnownFileType = sourcecode.swift; path = ShowVideo.swift; sourceTree = "<group>"; };
		DF8E3B3028D65556001AC8AC /* LottiewView.swift */ = {isa = PBXFileReference; lastKnownFileType = sourcecode.swift; path = LottiewView.swift; sourceTree = "<group>"; };
		DF8E3B3228D6653E001AC8AC /* EmptyCellTableViewCell.swift */ = {isa = PBXFileReference; lastKnownFileType = sourcecode.swift; path = EmptyCellTableViewCell.swift; sourceTree = "<group>"; };
		DF8E3B3428D67AA7001AC8AC /* RealsUIKit.entitlements */ = {isa = PBXFileReference; lastKnownFileType = text.plist.entitlements; path = RealsUIKit.entitlements; sourceTree = "<group>"; };
		DF8E3B3528D67AAA001AC8AC /* CloudKit.framework */ = {isa = PBXFileReference; lastKnownFileType = wrapper.framework; name = CloudKit.framework; path = System/Library/Frameworks/CloudKit.framework; sourceTree = SDKROOT; };
		DFA3357E28D7BE2D00A26A1D /* CaptureVideoBack.swift */ = {isa = PBXFileReference; lastKnownFileType = sourcecode.swift; path = CaptureVideoBack.swift; sourceTree = "<group>"; };
		DFB75F6E28D2950B000D5B5F /* ServiceSocial.swift */ = {isa = PBXFileReference; lastKnownFileType = sourcecode.swift; path = ServiceSocial.swift; sourceTree = "<group>"; };
		DFB75F7128D29590000D5B5F /* User.swift */ = {isa = PBXFileReference; lastKnownFileType = sourcecode.swift; path = User.swift; sourceTree = "<group>"; };
		DFB75F7328D295A7000D5B5F /* Post.swift */ = {isa = PBXFileReference; lastKnownFileType = sourcecode.swift; path = Post.swift; sourceTree = "<group>"; };
		DFB75F7528D33D6B000D5B5F /* ServiceUpload.swift */ = {isa = PBXFileReference; lastKnownFileType = sourcecode.swift; path = ServiceUpload.swift; sourceTree = "<group>"; };
		DFC98A7928CA143F0012A289 /* GoogleService-Info.plist */ = {isa = PBXFileReference; fileEncoding = 4; lastKnownFileType = text.plist.xml; path = "GoogleService-Info.plist"; sourceTree = "<group>"; };
		DFCDCC5528D0B8AA0089DAB8 /* ScanViewController.swift */ = {isa = PBXFileReference; lastKnownFileType = sourcecode.swift; path = ScanViewController.swift; sourceTree = "<group>"; };
		DFCDCC5828D0B9AE0089DAB8 /* Scan.storyboard */ = {isa = PBXFileReference; lastKnownFileType = file.storyboard; path = Scan.storyboard; sourceTree = "<group>"; };
		DFDBE21D28CB60600018B66E /* ShowVideo.storyboard */ = {isa = PBXFileReference; lastKnownFileType = file.storyboard; path = ShowVideo.storyboard; sourceTree = "<group>"; };
		DFDD00EC28CCD1CC00830B36 /* RegisterViewController.swift */ = {isa = PBXFileReference; lastKnownFileType = sourcecode.swift; path = RegisterViewController.swift; sourceTree = "<group>"; };
		DFDD00F128CCF36300830B36 /* ProfileViewController.swift */ = {isa = PBXFileReference; lastKnownFileType = sourcecode.swift; path = ProfileViewController.swift; sourceTree = "<group>"; };
		DFDD00F328CCF36E00830B36 /* Profile.storyboard */ = {isa = PBXFileReference; lastKnownFileType = file.storyboard; path = Profile.storyboard; sourceTree = "<group>"; };
		DFDD00F528CD125900830B36 /* ReportViewController.swift */ = {isa = PBXFileReference; lastKnownFileType = sourcecode.swift; path = ReportViewController.swift; sourceTree = "<group>"; };
		DFDF7FE128D20B8E007DD713 /* http.swift */ = {isa = PBXFileReference; lastKnownFileType = sourcecode.swift; path = http.swift; sourceTree = "<group>"; };
		DFDF7FE328D20C08007DD713 /* DelegateUserRequests.swift */ = {isa = PBXFileReference; lastKnownFileType = sourcecode.swift; path = DelegateUserRequests.swift; sourceTree = "<group>"; };
		DFF96A3828D1602600156053 /* FriendTableViewCell.swift */ = {isa = PBXFileReference; lastKnownFileType = sourcecode.swift; path = FriendTableViewCell.swift; sourceTree = "<group>"; };
		DFF96A3A28D1617B00156053 /* RequestTableViewCell.swift */ = {isa = PBXFileReference; lastKnownFileType = sourcecode.swift; path = RequestTableViewCell.swift; sourceTree = "<group>"; };
		E6BDF09979B91D7425D7FEB7 /* Pods-RealsUIKit.release.xcconfig */ = {isa = PBXFileReference; includeInIndex = 1; lastKnownFileType = text.xcconfig; name = "Pods-RealsUIKit.release.xcconfig"; path = "Target Support Files/Pods-RealsUIKit/Pods-RealsUIKit.release.xcconfig"; sourceTree = "<group>"; };
/* End PBXFileReference section */

/* Begin PBXFrameworksBuildPhase section */
		DF219F3028CA0A9A0038E47C /* Frameworks */ = {
			isa = PBXFrameworksBuildPhase;
			buildActionMask = 2147483647;
			files = (
				F61B25F4571F35D128C80D8E /* Pods_RealsUIKit.framework in Frameworks */,
				DF8E3B3628D67AAA001AC8AC /* CloudKit.framework in Frameworks */,
			);
			runOnlyForDeploymentPostprocessing = 0;
		};
/* End PBXFrameworksBuildPhase section */

/* Begin PBXGroup section */
		1B70D2D560A3594974A30E33 /* Pods */ = {
			isa = PBXGroup;
			children = (
				11ECBFC9ED00B60B12D59871 /* Pods-RealsUIKit.debug.xcconfig */,
				E6BDF09979B91D7425D7FEB7 /* Pods-RealsUIKit.release.xcconfig */,
			);
			path = Pods;
			sourceTree = "<group>";
		};
		B0FDE324016D38CE072110D6 /* Frameworks */ = {
			isa = PBXGroup;
			children = (
				DF8E3B3528D67AAA001AC8AC /* CloudKit.framework */,
				555CB75AA666EF3F2E1F218B /* Pods_RealsUIKit.framework */,
			);
			name = Frameworks;
			sourceTree = "<group>";
		};
		DF05667F28CE617B00670911 /* LottieFiles */ = {
			isa = PBXGroup;
			children = (
				DF05668228CE634500670911 /* recording.json */,
				DF8E3B3028D65556001AC8AC /* LottiewView.swift */,
			);
			path = LottieFiles;
			sourceTree = "<group>";
		};
		DF05668628CEC09F00670911 /* Users Friends and Requests */ = {
			isa = PBXGroup;
			children = (
				DFCDCC5728D0B99C0089DAB8 /* QRCode */,
				DFF96A3728D1600B00156053 /* Cell */,
				DF05668428CEBC6A00670911 /* UsersViewController.swift */,
				DF05668728CEC0AE00670911 /* Friends.storyboard */,
			);
			path = "Users Friends and Requests";
			sourceTree = "<group>";
		};
		DF219F2A28CA0A9A0038E47C = {
			isa = PBXGroup;
			children = (
				DF219F3528CA0A9A0038E47C /* RealsUIKit */,
				DF219F3428CA0A9A0038E47C /* Products */,
				1B70D2D560A3594974A30E33 /* Pods */,
				B0FDE324016D38CE072110D6 /* Frameworks */,
			);
			sourceTree = "<group>";
		};
		DF219F3428CA0A9A0038E47C /* Products */ = {
			isa = PBXGroup;
			children = (
				DF219F3328CA0A9A0038E47C /* RealsUIKit.app */,
			);
			name = Products;
			sourceTree = "<group>";
		};
		DF219F3528CA0A9A0038E47C /* RealsUIKit */ = {
			isa = PBXGroup;
			children = (
				DF8E3B3428D67AA7001AC8AC /* RealsUIKit.entitlements */,
				DFB75F7028D29585000D5B5F /* Model */,
				DF05667F28CE617B00670911 /* LottieFiles */,
				DF3B927028CA203700162F1E /* Extensions */,
				DFC98A7928CA143F0012A289 /* GoogleService-Info.plist */,
				DF7B6D0028CA91570082A4B0 /* CaptureVideo */,
				DF219F4A28CA0AC60038E47C /* Service */,
				DF219F4E28CA0B9C0038E47C /* Feed */,
				DF05668628CEC09F00670911 /* Users Friends and Requests */,
				DFDD00F028CCF34300830B36 /* Profile */,
				DFDD00E728CCD19700830B36 /* Login */,
				DF219F3628CA0A9A0038E47C /* AppDelegate.swift */,
				DF219F3828CA0A9A0038E47C /* SceneDelegate.swift */,
				DF219F3F28CA0A9B0038E47C /* Assets.xcassets */,
				DF219F4128CA0A9B0038E47C /* LaunchScreen.storyboard */,
				DF219F4428CA0A9B0038E47C /* Info.plist */,
			);
			path = RealsUIKit;
			sourceTree = "<group>";
		};
		DF219F4A28CA0AC60038E47C /* Service */ = {
			isa = PBXGroup;
			children = (
				DF219F4B28CA0ADB0038E47C /* ServiceFirebase.swift */,
				DFDF7FE128D20B8E007DD713 /* http.swift */,
				DFB75F6E28D2950B000D5B5F /* ServiceSocial.swift */,
				DFB75F7528D33D6B000D5B5F /* ServiceUpload.swift */,
			);
			path = Service;
			sourceTree = "<group>";
		};
		DF219F4E28CA0B9C0038E47C /* Feed */ = {
			isa = PBXGroup;
			children = (
				DF219F4F28CA0BA10038E47C /* Cell */,
				DF219F5428CA0BD50038E47C /* FeedViewController.swift */,
				DFDD00F528CD125900830B36 /* ReportViewController.swift */,
				DF219F5228CA0BC80038E47C /* Feed.storyboard */,
			);
			path = Feed;
			sourceTree = "<group>";
		};
		DF219F4F28CA0BA10038E47C /* Cell */ = {
			isa = PBXGroup;
			children = (
				DF3B927128CA2E4200162F1E /* PlayerView.swift */,
				DF3B927328CA353D00162F1E /* VideoCellTableViewCell.swift */,
				DF8E3B3228D6653E001AC8AC /* EmptyCellTableViewCell.swift */,
			);
			path = Cell;
			sourceTree = "<group>";
		};
		DF3B927028CA203700162F1E /* Extensions */ = {
			isa = PBXGroup;
			children = (
			);
			path = Extensions;
			sourceTree = "<group>";
		};
		DF7B6D0028CA91570082A4B0 /* CaptureVideo */ = {
			isa = PBXGroup;
			children = (
				DF7B6D0128CA91680082A4B0 /* CaptureVideoFrontal.swift */,
				DFA3357E28D7BE2D00A26A1D /* CaptureVideoBack.swift */,
				DF7B6D0328CA93040082A4B0 /* CaptureVideo.storyboard */,
				DF7B6D0528CA957F0082A4B0 /* ShowVideo.swift */,
				DFDBE21D28CB60600018B66E /* ShowVideo.storyboard */,
			);
			path = CaptureVideo;
			sourceTree = "<group>";
		};
		DFB75F7028D29585000D5B5F /* Model */ = {
			isa = PBXGroup;
			children = (
				DFB75F7128D29590000D5B5F /* User.swift */,
				DFB75F7328D295A7000D5B5F /* Post.swift */,
			);
			path = Model;
			sourceTree = "<group>";
		};
		DFCDCC5728D0B99C0089DAB8 /* QRCode */ = {
			isa = PBXGroup;
			children = (
				DFCDCC5528D0B8AA0089DAB8 /* ScanViewController.swift */,
				DFCDCC5828D0B9AE0089DAB8 /* Scan.storyboard */,
			);
			path = QRCode;
			sourceTree = "<group>";
		};
		DFDD00E728CCD19700830B36 /* Login */ = {
			isa = PBXGroup;
			children = (
				DF219F3C28CA0A9A0038E47C /* Main.storyboard */,
				DF219F3A28CA0A9A0038E47C /* ViewController.swift */,
				DFDD00EC28CCD1CC00830B36 /* RegisterViewController.swift */,
				DF0E930928D9434E003329F9 /* SetUsernameViewController.swift */,
			);
			path = Login;
			sourceTree = "<group>";
		};
		DFDD00F028CCF34300830B36 /* Profile */ = {
			isa = PBXGroup;
			children = (
				DFDD00F128CCF36300830B36 /* ProfileViewController.swift */,
				DFDD00F328CCF36E00830B36 /* Profile.storyboard */,
			);
			path = Profile;
			sourceTree = "<group>";
		};
		DFF96A3728D1600B00156053 /* Cell */ = {
			isa = PBXGroup;
			children = (
				DF05668928CECB3500670911 /* UserTableViewCell.swift */,
				DFF96A3828D1602600156053 /* FriendTableViewCell.swift */,
				DFF96A3A28D1617B00156053 /* RequestTableViewCell.swift */,
				DFDF7FE328D20C08007DD713 /* DelegateUserRequests.swift */,
			);
			path = Cell;
			sourceTree = "<group>";
		};
/* End PBXGroup section */

/* Begin PBXNativeTarget section */
		DF219F3228CA0A9A0038E47C /* RealsUIKit */ = {
			isa = PBXNativeTarget;
			buildConfigurationList = DF219F4728CA0A9B0038E47C /* Build configuration list for PBXNativeTarget "RealsUIKit" */;
			buildPhases = (
				DAB526EB6BCBDDB211A53C8A /* [CP] Check Pods Manifest.lock */,
				DF219F2F28CA0A9A0038E47C /* Sources */,
				DF219F3028CA0A9A0038E47C /* Frameworks */,
				DF219F3128CA0A9A0038E47C /* Resources */,
				312648FF5FAD318EA76E9177 /* [CP] Embed Pods Frameworks */,
			);
			buildRules = (
			);
			dependencies = (
			);
			name = RealsUIKit;
			productName = RealsUIKit;
			productReference = DF219F3328CA0A9A0038E47C /* RealsUIKit.app */;
			productType = "com.apple.product-type.application";
		};
/* End PBXNativeTarget section */

/* Begin PBXProject section */
		DF219F2B28CA0A9A0038E47C /* Project object */ = {
			isa = PBXProject;
			attributes = {
				BuildIndependentTargetsInParallel = 1;
				LastSwiftUpdateCheck = 1340;
				LastUpgradeCheck = 1340;
				TargetAttributes = {
					DF219F3228CA0A9A0038E47C = {
						CreatedOnToolsVersion = 13.4.1;
					};
				};
			};
			buildConfigurationList = DF219F2E28CA0A9A0038E47C /* Build configuration list for PBXProject "RealsUIKit" */;
			compatibilityVersion = "Xcode 13.0";
			developmentRegion = en;
			hasScannedForEncodings = 0;
			knownRegions = (
				en,
				Base,
			);
			mainGroup = DF219F2A28CA0A9A0038E47C;
			packageReferences = (
			);
			productRefGroup = DF219F3428CA0A9A0038E47C /* Products */;
			projectDirPath = "";
			projectRoot = "";
			targets = (
				DF219F3228CA0A9A0038E47C /* RealsUIKit */,
			);
		};
/* End PBXProject section */

/* Begin PBXResourcesBuildPhase section */
		DF219F3128CA0A9A0038E47C /* Resources */ = {
			isa = PBXResourcesBuildPhase;
			buildActionMask = 2147483647;
			files = (
				DF05668328CE634500670911 /* recording.json in Resources */,
				DFDBE21E28CB60600018B66E /* ShowVideo.storyboard in Resources */,
				DF219F4328CA0A9B0038E47C /* LaunchScreen.storyboard in Resources */,
				DFDD00F428CCF36E00830B36 /* Profile.storyboard in Resources */,
				DF219F4028CA0A9B0038E47C /* Assets.xcassets in Resources */,
				DF219F5328CA0BC80038E47C /* Feed.storyboard in Resources */,
				DF05668828CEC0AE00670911 /* Friends.storyboard in Resources */,
				DFC98A7A28CA143F0012A289 /* GoogleService-Info.plist in Resources */,
				DF219F3E28CA0A9A0038E47C /* Main.storyboard in Resources */,
				DFCDCC5928D0B9AE0089DAB8 /* Scan.storyboard in Resources */,
				DF7B6D0428CA93040082A4B0 /* CaptureVideo.storyboard in Resources */,
			);
			runOnlyForDeploymentPostprocessing = 0;
		};
/* End PBXResourcesBuildPhase section */

/* Begin PBXShellScriptBuildPhase section */
		312648FF5FAD318EA76E9177 /* [CP] Embed Pods Frameworks */ = {
			isa = PBXShellScriptBuildPhase;
			buildActionMask = 2147483647;
			files = (
			);
			inputFileListPaths = (
				"${PODS_ROOT}/Target Support Files/Pods-RealsUIKit/Pods-RealsUIKit-frameworks-${CONFIGURATION}-input-files.xcfilelist",
			);
			name = "[CP] Embed Pods Frameworks";
			outputFileListPaths = (
				"${PODS_ROOT}/Target Support Files/Pods-RealsUIKit/Pods-RealsUIKit-frameworks-${CONFIGURATION}-output-files.xcfilelist",
			);
			runOnlyForDeploymentPostprocessing = 0;
			shellPath = /bin/sh;
			shellScript = "\"${PODS_ROOT}/Target Support Files/Pods-RealsUIKit/Pods-RealsUIKit-frameworks.sh\"\n";
			showEnvVarsInLog = 0;
		};
		DAB526EB6BCBDDB211A53C8A /* [CP] Check Pods Manifest.lock */ = {
			isa = PBXShellScriptBuildPhase;
			buildActionMask = 2147483647;
			files = (
			);
			inputFileListPaths = (
			);
			inputPaths = (
				"${PODS_PODFILE_DIR_PATH}/Podfile.lock",
				"${PODS_ROOT}/Manifest.lock",
			);
			name = "[CP] Check Pods Manifest.lock";
			outputFileListPaths = (
			);
			outputPaths = (
				"$(DERIVED_FILE_DIR)/Pods-RealsUIKit-checkManifestLockResult.txt",
			);
			runOnlyForDeploymentPostprocessing = 0;
			shellPath = /bin/sh;
			shellScript = "diff \"${PODS_PODFILE_DIR_PATH}/Podfile.lock\" \"${PODS_ROOT}/Manifest.lock\" > /dev/null\nif [ $? != 0 ] ; then\n    # print error to STDERR\n    echo \"error: The sandbox is not in sync with the Podfile.lock. Run 'pod install' or update your CocoaPods installation.\" >&2\n    exit 1\nfi\n# This output is used by Xcode 'outputs' to avoid re-running this script phase.\necho \"SUCCESS\" > \"${SCRIPT_OUTPUT_FILE_0}\"\n";
			showEnvVarsInLog = 0;
		};
/* End PBXShellScriptBuildPhase section */

/* Begin PBXSourcesBuildPhase section */
		DF219F2F28CA0A9A0038E47C /* Sources */ = {
			isa = PBXSourcesBuildPhase;
			buildActionMask = 2147483647;
			files = (
				DF219F3B28CA0A9A0038E47C /* ViewController.swift in Sources */,
				DFB75F7428D295A7000D5B5F /* Post.swift in Sources */,
				DF3B927428CA353D00162F1E /* VideoCellTableViewCell.swift in Sources */,
				DFDF7FE428D20C08007DD713 /* DelegateUserRequests.swift in Sources */,
				DFCDCC5628D0B8AA0089DAB8 /* ScanViewController.swift in Sources */,
				DF05668A28CECB3500670911 /* UserTableViewCell.swift in Sources */,
				DF05668528CEBC6A00670911 /* UsersViewController.swift in Sources */,
				DFB75F6F28D2950B000D5B5F /* ServiceSocial.swift in Sources */,
				DF219F3728CA0A9A0038E47C /* AppDelegate.swift in Sources */,
				DFDD00ED28CCD1CC00830B36 /* RegisterViewController.swift in Sources */,
				DF3B927228CA2E4200162F1E /* PlayerView.swift in Sources */,
				DF7B6D0628CA957F0082A4B0 /* ShowVideo.swift in Sources */,
				DFDD00F228CCF36300830B36 /* ProfileViewController.swift in Sources */,
				DF219F4C28CA0ADB0038E47C /* ServiceFirebase.swift in Sources */,
				DFDD00F628CD125900830B36 /* ReportViewController.swift in Sources */,
				DF8E3B3128D65556001AC8AC /* LottiewView.swift in Sources */,
				DF8E3B3328D6653E001AC8AC /* EmptyCellTableViewCell.swift in Sources */,
				DF219F5528CA0BD50038E47C /* FeedViewController.swift in Sources */,
				DF7B6D0228CA91680082A4B0 /* CaptureVideoFrontal.swift in Sources */,
				DFF96A3B28D1617B00156053 /* RequestTableViewCell.swift in Sources */,
				DF219F3928CA0A9A0038E47C /* SceneDelegate.swift in Sources */,
				DFA3357F28D7BE2D00A26A1D /* CaptureVideoBack.swift in Sources */,
				DFF96A3928D1602600156053 /* FriendTableViewCell.swift in Sources */,
				DFDF7FE228D20B8E007DD713 /* http.swift in Sources */,
				DF0E930A28D9434E003329F9 /* SetUsernameViewController.swift in Sources */,
				DFB75F7228D29590000D5B5F /* User.swift in Sources */,
				DFB75F7628D33D6B000D5B5F /* ServiceUpload.swift in Sources */,
			);
			runOnlyForDeploymentPostprocessing = 0;
		};
/* End PBXSourcesBuildPhase section */

/* Begin PBXVariantGroup section */
		DF219F3C28CA0A9A0038E47C /* Main.storyboard */ = {
			isa = PBXVariantGroup;
			children = (
				DF219F3D28CA0A9A0038E47C /* Base */,
			);
			name = Main.storyboard;
			sourceTree = "<group>";
		};
		DF219F4128CA0A9B0038E47C /* LaunchScreen.storyboard */ = {
			isa = PBXVariantGroup;
			children = (
				DF219F4228CA0A9B0038E47C /* Base */,
			);
			name = LaunchScreen.storyboard;
			sourceTree = "<group>";
		};
/* End PBXVariantGroup section */

/* Begin XCBuildConfiguration section */
		DF219F4528CA0A9B0038E47C /* Debug */ = {
			isa = XCBuildConfiguration;
			buildSettings = {
				ALWAYS_SEARCH_USER_PATHS = NO;
				CLANG_ANALYZER_NONNULL = YES;
				CLANG_ANALYZER_NUMBER_OBJECT_CONVERSION = YES_AGGRESSIVE;
				CLANG_CXX_LANGUAGE_STANDARD = "gnu++17";
				CLANG_ENABLE_MODULES = YES;
				CLANG_ENABLE_OBJC_ARC = YES;
				CLANG_ENABLE_OBJC_WEAK = YES;
				CLANG_WARN_BLOCK_CAPTURE_AUTORELEASING = YES;
				CLANG_WARN_BOOL_CONVERSION = YES;
				CLANG_WARN_COMMA = YES;
				CLANG_WARN_CONSTANT_CONVERSION = YES;
				CLANG_WARN_DEPRECATED_OBJC_IMPLEMENTATIONS = YES;
				CLANG_WARN_DIRECT_OBJC_ISA_USAGE = YES_ERROR;
				CLANG_WARN_DOCUMENTATION_COMMENTS = YES;
				CLANG_WARN_EMPTY_BODY = YES;
				CLANG_WARN_ENUM_CONVERSION = YES;
				CLANG_WARN_INFINITE_RECURSION = YES;
				CLANG_WARN_INT_CONVERSION = YES;
				CLANG_WARN_NON_LITERAL_NULL_CONVERSION = YES;
				CLANG_WARN_OBJC_IMPLICIT_RETAIN_SELF = YES;
				CLANG_WARN_OBJC_LITERAL_CONVERSION = YES;
				CLANG_WARN_OBJC_ROOT_CLASS = YES_ERROR;
				CLANG_WARN_QUOTED_INCLUDE_IN_FRAMEWORK_HEADER = YES;
				CLANG_WARN_RANGE_LOOP_ANALYSIS = YES;
				CLANG_WARN_STRICT_PROTOTYPES = YES;
				CLANG_WARN_SUSPICIOUS_MOVE = YES;
				CLANG_WARN_UNGUARDED_AVAILABILITY = YES_AGGRESSIVE;
				CLANG_WARN_UNREACHABLE_CODE = YES;
				CLANG_WARN__DUPLICATE_METHOD_MATCH = YES;
				COPY_PHASE_STRIP = NO;
				DEBUG_INFORMATION_FORMAT = dwarf;
				ENABLE_STRICT_OBJC_MSGSEND = YES;
				ENABLE_TESTABILITY = YES;
				GCC_C_LANGUAGE_STANDARD = gnu11;
				GCC_DYNAMIC_NO_PIC = NO;
				GCC_NO_COMMON_BLOCKS = YES;
				GCC_OPTIMIZATION_LEVEL = 0;
				GCC_PREPROCESSOR_DEFINITIONS = (
					"DEBUG=1",
					"$(inherited)",
				);
				GCC_WARN_64_TO_32_BIT_CONVERSION = YES;
				GCC_WARN_ABOUT_RETURN_TYPE = YES_ERROR;
				GCC_WARN_UNDECLARED_SELECTOR = YES;
				GCC_WARN_UNINITIALIZED_AUTOS = YES_AGGRESSIVE;
				GCC_WARN_UNUSED_FUNCTION = YES;
				GCC_WARN_UNUSED_VARIABLE = YES;
				IPHONEOS_DEPLOYMENT_TARGET = 15.5;
				MTL_ENABLE_DEBUG_INFO = INCLUDE_SOURCE;
				MTL_FAST_MATH = YES;
				ONLY_ACTIVE_ARCH = YES;
				SDKROOT = iphoneos;
				SWIFT_ACTIVE_COMPILATION_CONDITIONS = DEBUG;
				SWIFT_OPTIMIZATION_LEVEL = "-Onone";
			};
			name = Debug;
		};
		DF219F4628CA0A9B0038E47C /* Release */ = {
			isa = XCBuildConfiguration;
			buildSettings = {
				ALWAYS_SEARCH_USER_PATHS = NO;
				CLANG_ANALYZER_NONNULL = YES;
				CLANG_ANALYZER_NUMBER_OBJECT_CONVERSION = YES_AGGRESSIVE;
				CLANG_CXX_LANGUAGE_STANDARD = "gnu++17";
				CLANG_ENABLE_MODULES = YES;
				CLANG_ENABLE_OBJC_ARC = YES;
				CLANG_ENABLE_OBJC_WEAK = YES;
				CLANG_WARN_BLOCK_CAPTURE_AUTORELEASING = YES;
				CLANG_WARN_BOOL_CONVERSION = YES;
				CLANG_WARN_COMMA = YES;
				CLANG_WARN_CONSTANT_CONVERSION = YES;
				CLANG_WARN_DEPRECATED_OBJC_IMPLEMENTATIONS = YES;
				CLANG_WARN_DIRECT_OBJC_ISA_USAGE = YES_ERROR;
				CLANG_WARN_DOCUMENTATION_COMMENTS = YES;
				CLANG_WARN_EMPTY_BODY = YES;
				CLANG_WARN_ENUM_CONVERSION = YES;
				CLANG_WARN_INFINITE_RECURSION = YES;
				CLANG_WARN_INT_CONVERSION = YES;
				CLANG_WARN_NON_LITERAL_NULL_CONVERSION = YES;
				CLANG_WARN_OBJC_IMPLICIT_RETAIN_SELF = YES;
				CLANG_WARN_OBJC_LITERAL_CONVERSION = YES;
				CLANG_WARN_OBJC_ROOT_CLASS = YES_ERROR;
				CLANG_WARN_QUOTED_INCLUDE_IN_FRAMEWORK_HEADER = YES;
				CLANG_WARN_RANGE_LOOP_ANALYSIS = YES;
				CLANG_WARN_STRICT_PROTOTYPES = YES;
				CLANG_WARN_SUSPICIOUS_MOVE = YES;
				CLANG_WARN_UNGUARDED_AVAILABILITY = YES_AGGRESSIVE;
				CLANG_WARN_UNREACHABLE_CODE = YES;
				CLANG_WARN__DUPLICATE_METHOD_MATCH = YES;
				COPY_PHASE_STRIP = NO;
				DEBUG_INFORMATION_FORMAT = "dwarf-with-dsym";
				ENABLE_NS_ASSERTIONS = NO;
				ENABLE_STRICT_OBJC_MSGSEND = YES;
				GCC_C_LANGUAGE_STANDARD = gnu11;
				GCC_NO_COMMON_BLOCKS = YES;
				GCC_WARN_64_TO_32_BIT_CONVERSION = YES;
				GCC_WARN_ABOUT_RETURN_TYPE = YES_ERROR;
				GCC_WARN_UNDECLARED_SELECTOR = YES;
				GCC_WARN_UNINITIALIZED_AUTOS = YES_AGGRESSIVE;
				GCC_WARN_UNUSED_FUNCTION = YES;
				GCC_WARN_UNUSED_VARIABLE = YES;
				IPHONEOS_DEPLOYMENT_TARGET = 15.5;
				MTL_ENABLE_DEBUG_INFO = NO;
				MTL_FAST_MATH = YES;
				SDKROOT = iphoneos;
				SWIFT_COMPILATION_MODE = wholemodule;
				SWIFT_OPTIMIZATION_LEVEL = "-O";
				VALIDATE_PRODUCT = YES;
			};
			name = Release;
		};
		DF219F4828CA0A9B0038E47C /* Debug */ = {
			isa = XCBuildConfiguration;
			baseConfigurationReference = 11ECBFC9ED00B60B12D59871 /* Pods-RealsUIKit.debug.xcconfig */;
			buildSettings = {
				ASSETCATALOG_COMPILER_APPICON_NAME = AppIcon;
				ASSETCATALOG_COMPILER_GLOBAL_ACCENT_COLOR_NAME = AccentColor;
				CODE_SIGN_ENTITLEMENTS = RealsUIKit/RealsUIKit.entitlements;
				CODE_SIGN_IDENTITY = "Apple Development";
				CODE_SIGN_STYLE = Automatic;
				CURRENT_PROJECT_VERSION = 4;
				DEVELOPMENT_TEAM = 6525BU9D84;
				GENERATE_INFOPLIST_FILE = YES;
				INFOPLIST_FILE = RealsUIKit/Info.plist;
				INFOPLIST_KEY_CFBundleDisplayName = Reals;
				INFOPLIST_KEY_NSCameraUsageDescription = "Used to record a Real";
				INFOPLIST_KEY_NSMicrophoneUsageDescription = "Used to capture Reals";
				INFOPLIST_KEY_UIApplicationSupportsIndirectInputEvents = YES;
				INFOPLIST_KEY_UILaunchStoryboardName = LaunchScreen;
				INFOPLIST_KEY_UIMainStoryboardFile = Main;
				INFOPLIST_KEY_UISupportedInterfaceOrientations = UIInterfaceOrientationPortrait;
				INFOPLIST_KEY_UISupportedInterfaceOrientations_iPad = "UIInterfaceOrientationPortrait UIInterfaceOrientationPortraitUpsideDown UIInterfaceOrientationLandscapeLeft UIInterfaceOrientationLandscapeRight";
				INFOPLIST_KEY_UISupportedInterfaceOrientations_iPhone = "UIInterfaceOrientationPortrait UIInterfaceOrientationLandscapeLeft UIInterfaceOrientationLandscapeRight";
				LD_RUNPATH_SEARCH_PATHS = (
					"$(inherited)",
					"@executable_path/Frameworks",
				);
				MARKETING_VERSION = 1.1;
				PRODUCT_BUNDLE_IDENTIFIER = com.app.reals;
				PRODUCT_NAME = "$(TARGET_NAME)";
				PROVISIONING_PROFILE_SPECIFIER = "";
				SWIFT_EMIT_LOC_STRINGS = YES;
				SWIFT_VERSION = 5.0;
				TARGETED_DEVICE_FAMILY = 1;
			};
			name = Debug;
		};
		DF219F4928CA0A9B0038E47C /* Release */ = {
			isa = XCBuildConfiguration;
			baseConfigurationReference = E6BDF09979B91D7425D7FEB7 /* Pods-RealsUIKit.release.xcconfig */;
			buildSettings = {
				ASSETCATALOG_COMPILER_APPICON_NAME = AppIcon;
				ASSETCATALOG_COMPILER_GLOBAL_ACCENT_COLOR_NAME = AccentColor;
				CODE_SIGN_ENTITLEMENTS = RealsUIKit/RealsUIKit.entitlements;
				CODE_SIGN_IDENTITY = "Apple Development";
				CODE_SIGN_STYLE = Automatic;
				CURRENT_PROJECT_VERSION = 4;
				DEVELOPMENT_TEAM = 6525BU9D84;
				GENERATE_INFOPLIST_FILE = YES;
				INFOPLIST_FILE = RealsUIKit/Info.plist;
				INFOPLIST_KEY_CFBundleDisplayName = Reals;
				INFOPLIST_KEY_NSCameraUsageDescription = "Used to record a Real";
				INFOPLIST_KEY_NSMicrophoneUsageDescription = "Used to capture Reals";
				INFOPLIST_KEY_UIApplicationSupportsIndirectInputEvents = YES;
				INFOPLIST_KEY_UILaunchStoryboardName = LaunchScreen;
				INFOPLIST_KEY_UIMainStoryboardFile = Main;
				INFOPLIST_KEY_UISupportedInterfaceOrientations = UIInterfaceOrientationPortrait;
				INFOPLIST_KEY_UISupportedInterfaceOrientations_iPad = "UIInterfaceOrientationPortrait UIInterfaceOrientationPortraitUpsideDown UIInterfaceOrientationLandscapeLeft UIInterfaceOrientationLandscapeRight";
				INFOPLIST_KEY_UISupportedInterfaceOrientations_iPhone = "UIInterfaceOrientationPortrait UIInterfaceOrientationLandscapeLeft UIInterfaceOrientationLandscapeRight";
				LD_RUNPATH_SEARCH_PATHS = (
					"$(inherited)",
					"@executable_path/Frameworks",
				);
				MARKETING_VERSION = 1.1;
				PRODUCT_BUNDLE_IDENTIFIER = com.app.reals;
				PRODUCT_NAME = "$(TARGET_NAME)";
				PROVISIONING_PROFILE_SPECIFIER = "";
				SWIFT_EMIT_LOC_STRINGS = YES;
				SWIFT_VERSION = 5.0;
				TARGETED_DEVICE_FAMILY = 1;
			};
			name = Release;
		};
/* End XCBuildConfiguration section */

/* Begin XCConfigurationList section */
		DF219F2E28CA0A9A0038E47C /* Build configuration list for PBXProject "RealsUIKit" */ = {
			isa = XCConfigurationList;
			buildConfigurations = (
				DF219F4528CA0A9B0038E47C /* Debug */,
				DF219F4628CA0A9B0038E47C /* Release */,
			);
			defaultConfigurationIsVisible = 0;
			defaultConfigurationName = Release;
		};
		DF219F4728CA0A9B0038E47C /* Build configuration list for PBXNativeTarget "RealsUIKit" */ = {
			isa = XCConfigurationList;
			buildConfigurations = (
				DF219F4828CA0A9B0038E47C /* Debug */,
				DF219F4928CA0A9B0038E47C /* Release */,
			);
			defaultConfigurationIsVisible = 0;
			defaultConfigurationName = Release;
		};
/* End XCConfigurationList section */
	};
	rootObject = DF219F2B28CA0A9A0038E47C /* Project object */;
}
